{
  "nodes": {
    "flake-utils": {
      "inputs": {
        "systems": "systems"
      },
      "locked": {
        "lastModified": 1731533236,
        "narHash": "sha256-l0KFg5HjrsfsO/JpG+r7fRrqm12kzFHyUHqHCVpMMbI=",
        "owner": "numtide",
        "repo": "flake-utils",
        "rev": "11707dc2f618dd54ca8739b309ec4fc024de578b",
        "type": "github"
      },
      "original": {
        "owner": "numtide",
        "repo": "flake-utils",
        "type": "github"
      }
    },
    "home-manager": {
      "inputs": {
        "nixpkgs": [
          "nixpkgs"
        ]
      },
      "locked": {
        "lastModified": 1771756436,
        "narHash": "sha256-Tl2I0YXdhSTufGqAaD1ySh8x+cvVsEI1mJyJg12lxhI=",
        "owner": "nix-community",
        "repo": "home-manager",
        "rev": "5bd3589390b431a63072868a90c0f24771ff4cbb",
        "type": "github"
      },
      "original": {
        "owner": "nix-community",
        "repo": "home-manager",
        "type": "github"
      }
    },
    "hytale-launcher": {
      "inputs": {
        "flake-utils": "flake-utils",
        "nixpkgs": [
          "nixpkgs"
        ]
      },
      "locked": {
        "lastModified": 1768349407,
        "narHash": "sha256-T8wgwnZcDLpAU9tQ1OUSYqFv2EYWkwH3+7R+cOnpak4=",
        "owner": "TNAZEP",
        "repo": "HytaleLauncherFlake",
        "rev": "52bde7280b55863f9cc21cc1c063c7f657206fb6",
        "type": "github"
      },
      "original": {
        "owner": "TNAZEP",
        "repo": "HytaleLauncherFlake",
        "type": "github"
      }
    },
    "nix-vscode-extensions": {
      "inputs": {
        "nixpkgs": [
          "nixpkgs"
        ]
      },
      "locked": {
        "lastModified": 1771728478,
        "narHash": "sha256-xKtupvuA/YcUqFkfuST0C04GKDxYaRFsEwwt43awPoQ=",
        "owner": "nix-community",
        "repo": "nix-vscode-extensions",
        "rev": "84313e76d221640bba5792eceb033929c77d9ec0",
        "type": "github"
      },
      "original": {
        "owner": "nix-community",
        "repo": "nix-vscode-extensions",
        "type": "github"
      }
    },
    "nixpkgs": {
      "locked": {
        "lastModified": 1771369470,
        "narHash": "sha256-0NBlEBKkN3lufyvFegY4TYv5mCNHbi5OmBDrzihbBMQ=",
        "owner": "NixOS",
        "repo": "nixpkgs",
        "rev": "0182a361324364ae3f436a63005877674cf45efb",
        "type": "github"
      },
      "original": {
        "owner": "NixOS",
        "ref": "nixos-unstable",
        "repo": "nixpkgs",
        "type": "github"
      }
    },
    "root": {
      "inputs": {
        "home-manager": "home-manager",
        "hytale-launcher": "hytale-launcher",
        "nix-vscode-extensions": "nix-vscode-extensions",
        "nixpkgs": "nixpkgs"
      }
    },
    "systems": {
      "locked": {
        "lastModified": 1681028828,
        "narHash": "sha256-Vy1rq5AaRuLzOxct8nz4T6wlgyUR7zLU309k9mBC768=",
        "owner": "nix-systems",
        "repo": "default",
        "rev": "da67096a3b9bf56a91d16901293e51ba5b49a27e",
        "type": "github"
      },
      "original": {
        "owner": "nix-systems",
        "repo": "default",
        "type": "github"
      }
    }
  },
  "root": "root",
  "version": 7
}
